
Microsoft Visual Studio Solution File, Format Version 12.00
# Visual Studio 2012
Project("{FAE04EC0-301F-11D3-BF4B-00C04F79EFBC}") = "Common", "Common\Common.csproj", "{493191F4-9A53-4379-AE3B-7FCD34529473}"
EndProject
Project("{FAE04EC0-301F-11D3-BF4B-00C04F79EFBC}") = "Common.UnitTests", "Common.UnitTests\Common.UnitTests.csproj", "{5DEF9F6E-E173-40D3-A46A-D49D5BA0FAC3}"
EndProject
Global
	GlobalSection(SolutionConfigurationPlatforms) = preSolution
		Debug|Any CPU = Debug|Any CPU
		Release|Any CPU = Release|Any CPU
	EndGlobalSection
	GlobalSection(ProjectConfigurationPlatforms) = postSolution
		{493191F4-9A53-4379-AE3B-7FCD34529473}.Debug|Any CPU.ActiveCfg = Debug|Any CPU
		{493191F4-9A53-4379-AE3B-7FCD34529473}.Debug|Any CPU.Build.0 = Debug|Any CPU
		{493191F4-9A53-4379-AE3B-7FCD34529473}.Release|Any CPU.ActiveCfg = Release|Any CPU
		{493191F4-9A53-4379-AE3B-7FCD34529473}.Release|Any CPU.Build.0 = Release|Any CPU
		{5DEF9F6E-E173-40D3-A46A-D49D5BA0FAC3}.Debug|Any CPU.ActiveCfg = Debug|Any CPU
		{5DEF9F6E-E173-40D3-A46A-D49D5BA0FAC3}.Debug|Any CPU.Build.0 = Debug|Any CPU
		{5DEF9F6E-E173-40D3-A46A-D49D5BA0FAC3}.Release|Any CPU.ActiveCfg = Release|Any CPU
		{5DEF9F6E-E173-40D3-A46A-D49D5BA0FAC3}.Release|Any CPU.Build.0 = Release|Any CPU
	EndGlobalSection
	GlobalSection(SolutionProperties) = preSolution
		HideSolutionNode = FALSE
	EndGlobalSection
EndGlobal
